
Microsoft Visual Studio Solution File, Format Version 12.00
# Visual Studio Version 16
VisualStudioVersion = 16.0.30621.155
MinimumVisualStudioVersion = 10.0.40219.1
Project("{FAE04EC0-301F-11D3-BF4B-00C04F79EFBC}") = "CompanyDotNetCoreAPI", "CompanyDotNetCoreAPI\CompanyDotNetCoreAPI.csproj", "{276B803A-AC5A-43DE-86F6-579AF844CE0D}"
EndProject
Global
	GlobalSection(SolutionConfigurationPlatforms) = preSolution
		Debug|Any CPU = Debug|Any CPU
		Release|Any CPU = Release|Any CPU
	EndGlobalSection
	GlobalSection(ProjectConfigurationPlatforms) = postSolution
		{276B803A-AC5A-43DE-86F6-579AF844CE0D}.Debug|Any CPU.ActiveCfg = Debug|Any CPU
		{276B803A-AC5A-43DE-86F6-579AF844CE0D}.Debug|Any CPU.Build.0 = Debug|Any CPU
		{276B803A-AC5A-43DE-86F6-579AF844CE0D}.Release|Any CPU.ActiveCfg = Release|Any CPU
		{276B803A-AC5A-43DE-86F6-579AF844CE0D}.Release|Any CPU.Build.0 = Release|Any CPU
	EndGlobalSection
	GlobalSection(SolutionProperties) = preSolution
		HideSolutionNode = FALSE
	EndGlobalSection
	GlobalSection(ExtensibilityGlobals) = postSolution
		SolutionGuid = {3D5AD0AA-9A78-4289-A71A-71AAFAC196F3}
	EndGlobalSection
EndGlobal
